// !$*UTF8*$!
{
	archiveVersion = 1;
	classes = {
	};
	objectVersion = 48;
	objects = {

/* Begin PBXBuildFile section */
		8F439E781FCE992F001CA819 /* AppDelegate.m in Sources */ = {isa = PBXBuildFile; fileRef = 8F439E771FCE992F001CA819 /* AppDelegate.m */; };
		8F439E7B1FCE992F001CA819 /* ViewController.m in Sources */ = {isa = PBXBuildFile; fileRef = 8F439E7A1FCE992F001CA819 /* ViewController.m */; };
		8F439E7E1FCE992F001CA819 /* Main.storyboard in Resources */ = {isa = PBXBuildFile; fileRef = 8F439E7C1FCE992F001CA819 /* Main.storyboard */; };
		8F439E801FCE992F001CA819 /* Assets.xcassets in Resources */ = {isa = PBXBuildFile; fileRef = 8F439E7F1FCE992F001CA819 /* Assets.xcassets */; };
		8F439E831FCE992F001CA819 /* LaunchScreen.storyboard in Resources */ = {isa = PBXBuildFile; fileRef = 8F439E811FCE992F001CA819 /* LaunchScreen.storyboard */; };
		8F439E861FCE992F001CA819 /* main.m in Sources */ = {isa = PBXBuildFile; fileRef = 8F439E851FCE992F001CA819 /* main.m */; };
		8F439E901FCE9930001CA819 /* OSNewFrameTests.m in Sources */ = {isa = PBXBuildFile; fileRef = 8F439E8F1FCE9930001CA819 /* OSNewFrameTests.m */; };
		8F439E9B1FCE9930001CA819 /* OSNewFrameUITests.m in Sources */ = {isa = PBXBuildFile; fileRef = 8F439E9A1FCE9930001CA819 /* OSNewFrameUITests.m */; };
/* End PBXBuildFile section */

/* Begin PBXContainerItemProxy section */
		8F439E8C1FCE9930001CA819 /* PBXContainerItemProxy */ = {
			isa = PBXContainerItemProxy;
			containerPortal = 8F439E6B1FCE992F001CA819 /* Project object */;
			proxyType = 1;
			remoteGlobalIDString = 8F439E721FCE992F001CA819;
			remoteInfo = OSNewFrame;
		};
		8F439E971FCE9930001CA819 /* PBXContainerItemProxy */ = {
			isa = PBXContainerItemProxy;
			containerPortal = 8F439E6B1FCE992F001CA819 /* Project object */;
			proxyType = 1;
			remoteGlobalIDString = 8F439E721FCE992F001CA819;
			remoteInfo = OSNewFrame;
		};
/* End PBXContainerItemProxy section */

/* Begin PBXFileReference section */
		8F439E731FCE992F001CA819 /* OSNewFrame.app */ = {isa = PBXFileReference; explicitFileType = wrapper.application; includeInIndex = 0; path = OSNewFrame.app; sourceTree = BUILT_PRODUCTS_DIR; };
		8F439E761FCE992F001CA819 /* AppDelegate.h */ = {isa = PBXFileReference; lastKnownFileType = sourcecode.c.h; path = AppDelegate.h; sourceTree = "<group>"; };
		8F439E771FCE992F001CA819 /* AppDelegate.m */ = {isa = PBXFileReference; lastKnownFileType = sourcecode.c.objc; path = AppDelegate.m; sourceTree = "<group>"; };
		8F439E791FCE992F001CA819 /* ViewController.h */ = {isa = PBXFileReference; lastKnownFileType = sourcecode.c.h; path = ViewController.h; sourceTree = "<group>"; };
		8F439E7A1FCE992F001CA819 /* ViewController.m */ = {isa = PBXFileReference; lastKnownFileType = sourcecode.c.objc; path = ViewController.m; sourceTree = "<group>"; };
		8F439E7D1FCE992F001CA819 /* Base */ = {isa = PBXFileReference; lastKnownFileType = file.storyboard; name = Base; path = Base.lproj/Main.storyboard; sourceTree = "<group>"; };
		8F439E7F1FCE992F001CA819 /* Assets.xcassets */ = {isa = PBXFileReference; lastKnownFileType = folder.assetcatalog; path = Assets.xcassets; sourceTree = "<group>"; };
		8F439E821FCE992F001CA819 /* Base */ = {isa = PBXFileReference; lastKnownFileType = file.storyboard; name = Base; path = Base.lproj/LaunchScreen.storyboard; sourceTree = "<group>"; };
		8F439E841FCE992F001CA819 /* Info.plist */ = {isa = PBXFileReference; lastKnownFileType = text.plist.xml; path = Info.plist; sourceTree = "<group>"; };
		8F439E851FCE992F001CA819 /* main.m */ = {isa = PBXFileReference; lastKnownFileType = sourcecode.c.objc; path = main.m; sourceTree = "<group>"; };
		8F439E8B1FCE9930001CA819 /* OSNewFrameTests.xctest */ = {isa = PBXFileReference; explicitFileType = wrapper.cfbundle; includeInIndex = 0; path = OSNewFrameTests.xctest; sourceTree = BUILT_PRODUCTS_DIR; };
		8F439E8F1FCE9930001CA819 /* OSNewFrameTests.m */ = {isa = PBXFileReference; lastKnownFileType = sourcecode.c.objc; path = OSNewFrameTests.m; sourceTree = "<group>"; };
		8F439E911FCE9930001CA819 /* Info.plist */ = {isa = PBXFileReference; lastKnownFileType = text.plist.xml; path = Info.plist; sourceTree = "<group>"; };
		8F439E961FCE9930001CA819 /* OSNewFrameUITests.xctest */ = {isa = PBXFileReference; explicitFileType = wrapper.cfbundle; includeInIndex = 0; path = OSNewFrameUITests.xctest; sourceTree = BUILT_PRODUCTS_DIR; };
		8F439E9A1FCE9930001CA819 /* OSNewFrameUITests.m */ = {isa = PBXFileReference; lastKnownFileType = sourcecode.c.objc; path = OSNewFrameUITests.m; sourceTree = "<group>"; };
		8F439E9C1FCE9930001CA819 /* Info.plist */ = {isa = PBXFileReference; lastKnownFileType = text.plist.xml; path = Info.plist; sourceTree = "<group>"; };
/* End PBXFileReference section */

/* Begin PBXFrameworksBuildPhase section */
		8F439E701FCE992F001CA819 /* Frameworks */ = {
			isa = PBXFrameworksBuildPhase;
			buildActionMask = 2147483647;
			files = (
			);
			runOnlyForDeploymentPostprocessing = 0;
		};
		8F439E881FCE9930001CA819 /* Frameworks */ = {
			isa = PBXFrameworksBuildPhase;
			buildActionMask = 2147483647;
			files = (
			);
			runOnlyForDeploymentPostprocessing = 0;
		};
		8F439E931FCE9930001CA819 /* Frameworks */ = {
			isa = PBXFrameworksBuildPhase;
			buildActionMask = 2147483647;
			files = (
			);
			runOnlyForDeploymentPostprocessing = 0;
		};
/* End PBXFrameworksBuildPhase section */

/* Begin PBXGroup section */
		8F439E6A1FCE992F001CA819 = {
			isa = PBXGroup;
			children = (
				8F439E751FCE992F001CA819 /* OSNewFrame */,
				8F439E8E1FCE9930001CA819 /* OSNewFrameTests */,
				8F439E991FCE9930001CA819 /* OSNewFrameUITests */,
				8F439E741FCE992F001CA819 /* Products */,
			);
			sourceTree = "<group>";
		};
		8F439E741FCE992F001CA819 /* Products */ = {
			isa = PBXGroup;
			children = (
				8F439E731FCE992F001CA819 /* OSNewFrame.app */,
				8F439E8B1FCE9930001CA819 /* OSNewFrameTests.xctest */,
				8F439E961FCE9930001CA819 /* OSNewFrameUITests.xctest */,
			);
			name = Products;
			sourceTree = "<group>";
		};
		8F439E751FCE992F001CA819 /* OSNewFrame */ = {
			isa = PBXGroup;
			children = (
				8F439E761FCE992F001CA819 /* AppDelegate.h */,
				8F439E771FCE992F001CA819 /* AppDelegate.m */,
				8F439E791FCE992F001CA819 /* ViewController.h */,
				8F439E7A1FCE992F001CA819 /* ViewController.m */,
				8F439E7C1FCE992F001CA819 /* Main.storyboard */,
				8F439E7F1FCE992F001CA819 /* Assets.xcassets */,
				8F439E811FCE992F001CA819 /* LaunchScreen.storyboard */,
				8F439E841FCE992F001CA819 /* Info.plist */,
				8F439E851FCE992F001CA819 /* main.m */,
			);
			path = OSNewFrame;
			sourceTree = "<group>";
		};
		8F439E8E1FCE9930001CA819 /* OSNewFrameTests */ = {
			isa = PBXGroup;
			children = (
				8F439E8F1FCE9930001CA819 /* OSNewFrameTests.m */,
				8F439E911FCE9930001CA819 /* Info.plist */,
			);
			path = OSNewFrameTests;
			sourceTree = "<group>";
		};
		8F439E991FCE9930001CA819 /* OSNewFrameUITests */ = {
			isa = PBXGroup;
			children = (
				8F439E9A1FCE9930001CA819 /* OSNewFrameUITests.m */,
				8F439E9C1FCE9930001CA819 /* Info.plist */,
			);
			path = OSNewFrameUITests;
			sourceTree = "<group>";
		};
/* End PBXGroup section */

/* Begin PBXNativeTarget section */
		8F439E721FCE992F001CA819 /* OSNewFrame */ = {
			isa = PBXNativeTarget;
			buildConfigurationList = 8F439E9F1FCE9930001CA819 /* Build configuration list for PBXNativeTarget "OSNewFrame" */;
			buildPhases = (
				8F439E6F1FCE992F001CA819 /* Sources */,
				8F439E701FCE992F001CA819 /* Frameworks */,
				8F439E711FCE992F001CA819 /* Resources */,
			);
			buildRules = (
			);
			dependencies = (
			);
			name = OSNewFrame;
			productName = OSNewFrame;
			productReference = 8F439E731FCE992F001CA819 /* OSNewFrame.app */;
			productType = "com.apple.product-type.application";
		};
		8F439E8A1FCE9930001CA819 /* OSNewFrameTests */ = {
			isa = PBXNativeTarget;
			buildConfigurationList = 8F439EA21FCE9930001CA819 /* Build configuration list for PBXNativeTarget "OSNewFrameTests" */;
			buildPhases = (
				8F439E871FCE9930001CA819 /* Sources */,
				8F439E881FCE9930001CA819 /* Frameworks */,
				8F439E891FCE9930001CA819 /* Resources */,
			);
			buildRules = (
			);
			dependencies = (
				8F439E8D1FCE9930001CA819 /* PBXTargetDependency */,
			);
			name = OSNewFrameTests;
			productName = OSNewFrameTests;
			productReference = 8F439E8B1FCE9930001CA819 /* OSNewFrameTests.xctest */;
			productType = "com.apple.product-type.bundle.unit-test";
		};
		8F439E951FCE9930001CA819 /* OSNewFrameUITests */ = {
			isa = PBXNativeTarget;
			buildConfigurationList = 8F439EA51FCE9930001CA819 /* Build configuration list for PBXNativeTarget "OSNewFrameUITests" */;
			buildPhases = (
				8F439E921FCE9930001CA819 /* Sources */,
				8F439E931FCE9930001CA819 /* Frameworks */,
				8F439E941FCE9930001CA819 /* Resources */,
			);
			buildRules = (
			);
			dependencies = (
				8F439E981FCE9930001CA819 /* PBXTargetDependency */,
			);
			name = OSNewFrameUITests;
			productName = OSNewFrameUITests;
			productReference = 8F439E961FCE9930001CA819 /* OSNewFrameUITests.xctest */;
			productType = "com.apple.product-type.bundle.ui-testing";
		};
/* End PBXNativeTarget section */

/* Begin PBXProject section */
		8F439E6B1FCE992F001CA819 /* Project object */ = {
			isa = PBXProject;
			attributes = {
				LastUpgradeCheck = 0910;
				ORGANIZATIONNAME = Macx;
				TargetAttributes = {
					8F439E721FCE992F001CA819 = {
						CreatedOnToolsVersion = 9.1;
						ProvisioningStyle = Automatic;
					};
					8F439E8A1FCE9930001CA819 = {
						CreatedOnToolsVersion = 9.1;
						ProvisioningStyle = Automatic;
						TestTargetID = 8F439E721FCE992F001CA819;
					};
					8F439E951FCE9930001CA819 = {
						CreatedOnToolsVersion = 9.1;
						ProvisioningStyle = Automatic;
						TestTargetID = 8F439E721FCE992F001CA819;
					};
				};
			};
			buildConfigurationList = 8F439E6E1FCE992F001CA819 /* Build configuration list for PBXProject "OSNewFrame" */;
			compatibilityVersion = "Xcode 8.0";
			developmentRegion = en;
			hasScannedForEncodings = 0;
			knownRegions = (
				en,
				Base,
			);
			mainGroup = 8F439E6A1FCE992F001CA819;
			productRefGroup = 8F439E741FCE992F001CA819 /* Products */;
			projectDirPath = "";
			projectRoot = "";
			targets = (
				8F439E721FCE992F001CA819 /* OSNewFrame */,
				8F439E8A1FCE9930001CA819 /* OSNewFrameTests */,
				8F439E951FCE9930001CA819 /* OSNewFrameUITests */,
			);
		};
/* End PBXProject section */

/* Begin PBXResourcesBuildPhase section */
		8F439E711FCE992F001CA819 /* Resources */ = {
			isa = PBXResourcesBuildPhase;
			buildActionMask = 2147483647;
			files = (
				8F439E831FCE992F001CA819 /* LaunchScreen.storyboard in Resources */,
				8F439E801FCE992F001CA819 /* Assets.xcassets in Resources */,
				8F439E7E1FCE992F001CA819 /* Main.storyboard in Resources */,
			);
			runOnlyForDeploymentPostprocessing = 0;
		};
		8F439E891FCE9930001CA819 /* Resources */ = {
			isa = PBXResourcesBuildPhase;
			buildActionMask = 2147483647;
			files = (
			);
			runOnlyForDeploymentPostprocessing = 0;
		};
		8F439E941FCE9930001CA819 /* Resources */ = {
			isa = PBXResourcesBuildPhase;
			buildActionMask = 2147483647;
			files = (
			);
			runOnlyForDeploymentPostprocessing = 0;
		};
/* End PBXResourcesBuildPhase section */

/* Begin PBXSourcesBuildPhase section */
		8F439E6F1FCE992F001CA819 /* Sources */ = {
			isa = PBXSourcesBuildPhase;
			buildActionMask = 2147483647;
			files = (
				8F439E7B1FCE992F001CA819 /* ViewController.m in Sources */,
				8F439E861FCE992F001CA819 /* main.m in Sources */,
				8F439E781FCE992F001CA819 /* AppDelegate.m in Sources */,
			);
			runOnlyForDeploymentPostprocessing = 0;
		};
		8F439E871FCE9930001CA819 /* Sources */ = {
			isa = PBXSourcesBuildPhase;
			buildActionMask = 2147483647;
			files = (
				8F439E901FCE9930001CA819 /* OSNewFrameTests.m in Sources */,
			);
			runOnlyForDeploymentPostprocessing = 0;
		};
		8F439E921FCE9930001CA819 /* Sources */ = {
			isa = PBXSourcesBuildPhase;
			buildActionMask = 2147483647;
			files = (
				8F439E9B1FCE9930001CA819 /* OSNewFrameUITests.m in Sources */,
			);
			runOnlyForDeploymentPostprocessing = 0;
		};
/* End PBXSourcesBuildPhase section */

/* Begin PBXTargetDependency section */
		8F439E8D1FCE9930001CA819 /* PBXTargetDependency */ = {
			isa = PBXTargetDependency;
			target = 8F439E721FCE992F001CA819 /* OSNewFrame */;
			targetProxy = 8F439E8C1FCE9930001CA819 /* PBXContainerItemProxy */;
		};
		8F439E981FCE9930001CA819 /* PBXTargetDependency */ = {
			isa = PBXTargetDependency;
			target = 8F439E721FCE992F001CA819 /* OSNewFrame */;
			targetProxy = 8F439E971FCE9930001CA819 /* PBXContainerItemProxy */;
		};
/* End PBXTargetDependency section */

/* Begin PBXVariantGroup section */
		8F439E7C1FCE992F001CA819 /* Main.storyboard */ = {
			isa = PBXVariantGroup;
			children = (
				8F439E7D1FCE992F001CA819 /* Base */,
			);
			name = Main.storyboard;
			sourceTree = "<group>";
		};
		8F439E811FCE992F001CA819 /* LaunchScreen.storyboard */ = {
			isa = PBXVariantGroup;
			children = (
				8F439E821FCE992F001CA819 /* Base */,
			);
			name = LaunchScreen.storyboard;
			sourceTree = "<group>";
		};
/* End PBXVariantGroup section */

/* Begin XCBuildConfiguration section */
		8F439E9D1FCE9930001CA819 /* Debug */ = {
			isa = XCBuildConfiguration;
			buildSettings = {
				ALWAYS_SEARCH_USER_PATHS = NO;
				CLANG_ANALYZER_NONNULL = YES;
				CLANG_ANALYZER_NUMBER_OBJECT_CONVERSION = YES_AGGRESSIVE;
				CLANG_CXX_LANGUAGE_STANDARD = "gnu++14";
				CLANG_CXX_LIBRARY = "libc++";
				CLANG_ENABLE_MODULES = YES;
				CLANG_ENABLE_OBJC_ARC = YES;
				CLANG_WARN_BLOCK_CAPTURE_AUTORELEASING = YES;
				CLANG_WARN_BOOL_CONVERSION = YES;
				CLANG_WARN_COMMA = YES;
				CLANG_WARN_CONSTANT_CONVERSION = YES;
				CLANG_WARN_DIRECT_OBJC_ISA_USAGE = YES_ERROR;
				CLANG_WARN_DOCUMENTATION_COMMENTS = YES;
				CLANG_WARN_EMPTY_BODY = YES;
				CLANG_WARN_ENUM_CONVERSION = YES;
				CLANG_WARN_INFINITE_RECURSION = YES;
				CLANG_WARN_INT_CONVERSION = YES;
				CLANG_WARN_NON_LITERAL_NULL_CONVERSION = YES;
				CLANG_WARN_OBJC_LITERAL_CONVERSION = YES;
				CLANG_WARN_OBJC_ROOT_CLASS = YES_ERROR;
				CLANG_WARN_RANGE_LOOP_ANALYSIS = YES;
				CLANG_WARN_STRICT_PROTOTYPES = YES;
				CLANG_WARN_SUSPICIOUS_MOVE = YES;
				CLANG_WARN_UNGUARDED_AVAILABILITY = YES_AGGRESSIVE;
				CLANG_WARN_UNREACHABLE_CODE = YES;
				CLANG_WARN__DUPLICATE_METHOD_MATCH = YES;
				CODE_SIGN_IDENTITY = "iPhone Developer";
				COPY_PHASE_STRIP = NO;
				DEBUG_INFORMATION_FORMAT = dwarf;
				ENABLE_STRICT_OBJC_MSGSEND = YES;
				ENABLE_TESTABILITY = YES;
				GCC_C_LANGUAGE_STANDARD = gnu11;
				GCC_DYNAMIC_NO_PIC = NO;
				GCC_NO_COMMON_BLOCKS = YES;
				GCC_OPTIMIZATION_LEVEL = 0;
				GCC_PREPROCESSOR_DEFINITIONS = (
					"DEBUG=1",
					"$(inherited)",
				);
				GCC_WARN_64_TO_32_BIT_CONVERSION = YES;
				GCC_WARN_ABOUT_RETURN_TYPE = YES_ERROR;
				GCC_WARN_UNDECLARED_SELECTOR = YES;
				GCC_WARN_UNINITIALIZED_AUTOS = YES_AGGRESSIVE;
				GCC_WARN_UNUSED_FUNCTION = YES;
				GCC_WARN_UNUSED_VARIABLE = YES;
				IPHONEOS_DEPLOYMENT_TARGET = 11.1;
				MTL_ENABLE_DEBUG_INFO = YES;
				ONLY_ACTIVE_ARCH = YES;
				SDKROOT = iphoneos;
			};
			name = Debug;
		};
		8F439E9E1FCE9930001CA819 /* Release */ = {
			isa = XCBuildConfiguration;
			buildSettings = {
				ALWAYS_SEARCH_USER_PATHS = NO;
				CLANG_ANALYZER_NONNULL = YES;
				CLANG_ANALYZER_NUMBER_OBJECT_CONVERSION = YES_AGGRESSIVE;
				CLANG_CXX_LANGUAGE_STANDARD = "gnu++14";
				CLANG_CXX_LIBRARY = "libc++";
				CLANG_ENABLE_MODULES = YES;
				CLANG_ENABLE_OBJC_ARC = YES;
				CLANG_WARN_BLOCK_CAPTURE_AUTORELEASING = YES;
				CLANG_WARN_BOOL_CONVERSION = YES;
				CLANG_WARN_COMMA = YES;
				CLANG_WARN_CONSTANT_CONVERSION = YES;
				CLANG_WARN_DIRECT_OBJC_ISA_USAGE = YES_ERROR;
				CLANG_WARN_DOCUMENTATION_COMMENTS = YES;
				CLANG_WARN_EMPTY_BODY = YES;
				CLANG_WARN_ENUM_CONVERSION = YES;
				CLANG_WARN_INFINITE_RECURSION = YES;
				CLANG_WARN_INT_CONVERSION = YES;
				CLANG_WARN_NON_LITERAL_NULL_CONVERSION = YES;
				CLANG_WARN_OBJC_LITERAL_CONVERSION = YES;
				CLANG_WARN_OBJC_ROOT_CLASS = YES_ERROR;
				CLANG_WARN_RANGE_LOOP_ANALYSIS = YES;
				CLANG_WARN_STRICT_PROTOTYPES = YES;
				CLANG_WARN_SUSPICIOUS_MOVE = YES;
				CLANG_WARN_UNGUARDED_AVAILABILITY = YES_AGGRESSIVE;
				CLANG_WARN_UNREACHABLE_CODE = YES;
				CLANG_WARN__DUPLICATE_METHOD_MATCH = YES;
				CODE_SIGN_IDENTITY = "iPhone Developer";
				COPY_PHASE_STRIP = NO;
				DEBUG_INFORMATION_FORMAT = "dwarf-with-dsym";
				ENABLE_NS_ASSERTIONS = NO;
				ENABLE_STRICT_OBJC_MSGSEND = YES;
				GCC_C_LANGUAGE_STANDARD = gnu11;
				GCC_NO_COMMON_BLOCKS = YES;
				GCC_WARN_64_TO_32_BIT_CONVERSION = YES;
				GCC_WARN_ABOUT_RETURN_TYPE = YES_ERROR;
				GCC_WARN_UNDECLARED_SELECTOR = YES;
				GCC_WARN_UNINITIALIZED_AUTOS = YES_AGGRESSIVE;
				GCC_WARN_UNUSED_FUNCTION = YES;
				GCC_WARN_UNUSED_VARIABLE = YES;
				IPHONEOS_DEPLOYMENT_TARGET = 11.1;
				MTL_ENABLE_DEBUG_INFO = NO;
				SDKROOT = iphoneos;
				VALIDATE_PRODUCT = YES;
			};
			name = Release;
		};
		8F439EA01FCE9930001CA819 /* Debug */ = {
			isa = XCBuildConfiguration;
			buildSettings = {
				ASSETCATALOG_COMPILER_APPICON_NAME = AppIcon;
				CODE_SIGN_STYLE = Automatic;
				DEVELOPMENT_TEAM = LGN7SU938D;
				INFOPLIST_FILE = OSNewFrame/Info.plist;
				LD_RUNPATH_SEARCH_PATHS = "$(inherited) @executable_path/Frameworks";
				PRODUCT_BUNDLE_IDENTIFIER = com.qianft.OSNewFrame;
				PRODUCT_NAME = "$(TARGET_NAME)";
				TARGETED_DEVICE_FAMILY = "1,2";
			};
			name = Debug;
		};
		8F439EA11FCE9930001CA819 /* Release */ = {
			isa = XCBuildConfiguration;
			buildSettings = {
				ASSETCATALOG_COMPILER_APPICON_NAME = AppIcon;
				CODE_SIGN_STYLE = Automatic;
				DEVELOPMENT_TEAM = LGN7SU938D;
				INFOPLIST_FILE = OSNewFrame/Info.plist;
				LD_RUNPATH_SEARCH_PATHS = "$(inherited) @executable_path/Frameworks";
				PRODUCT_BUNDLE_IDENTIFIER = com.qianft.OSNewFrame;
				PRODUCT_NAME = "$(TARGET_NAME)";
				TARGETED_DEVICE_FAMILY = "1,2";
			};
			name = Release;
		};
		8F439EA31FCE9930001CA819 /* Debug */ = {
			isa = XCBuildConfiguration;
			buildSettings = {
				BUNDLE_LOADER = "$(TEST_HOST)";
				CODE_SIGN_STYLE = Automatic;
				DEVELOPMENT_TEAM = LGN7SU938D;
				INFOPLIST_FILE = OSNewFrameTests/Info.plist;
				LD_RUNPATH_SEARCH_PATHS = "$(inherited) @executable_path/Frameworks @loader_path/Frameworks";
				PRODUCT_BUNDLE_IDENTIFIER = com.qianft.OSNewFrameTests;
				PRODUCT_NAME = "$(TARGET_NAME)";
				TARGETED_DEVICE_FAMILY = "1,2";
				TEST_HOST = "$(BUILT_PRODUCTS_DIR)/OSNewFrame.app/OSNewFrame";
			};
			name = Debug;
		};
		8F439EA41FCE9930001CA819 /* Release */ = {
			isa = XCBuildConfiguration;
			buildSettings = {
				BUNDLE_LOADER = "$(TEST_HOST)";
				CODE_SIGN_STYLE = Automatic;
				DEVELOPMENT_TEAM = LGN7SU938D;
				INFOPLIST_FILE = OSNewFrameTests/Info.plist;
				LD_RUNPATH_SEARCH_PATHS = "$(inherited) @executable_path/Frameworks @loader_path/Frameworks";
				PRODUCT_BUNDLE_IDENTIFIER = com.qianft.OSNewFrameTests;
				PRODUCT_NAME = "$(TARGET_NAME)";
				TARGETED_DEVICE_FAMILY = "1,2";
				TEST_HOST = "$(BUILT_PRODUCTS_DIR)/OSNewFrame.app/OSNewFrame";
			};
			name = Release;
		};
		8F439EA61FCE9930001CA819 /* Debug */ = {
			isa = XCBuildConfiguration;
			buildSettings = {
				CODE_SIGN_STYLE = Automatic;
				DEVELOPMENT_TEAM = LGN7SU938D;
				INFOPLIST_FILE = OSNewFrameUITests/Info.plist;
				LD_RUNPATH_SEARCH_PATHS = "$(inherited) @executable_path/Frameworks @loader_path/Frameworks";
				PRODUCT_BUNDLE_IDENTIFIER = com.qianft.OSNewFrameUITests;
				PRODUCT_NAME = "$(TARGET_NAME)";
				TARGETED_DEVICE_FAMILY = "1,2";
				TEST_TARGET_NAME = OSNewFrame;
			};
			name = Debug;
		};
		8F439EA71FCE9930001CA819 /* Release */ = {
			isa = XCBuildConfiguration;
			buildSettings = {
				CODE_SIGN_STYLE = Automatic;
				DEVELOPMENT_TEAM = LGN7SU938D;
				INFOPLIST_FILE = OSNewFrameUITests/Info.plist;
				LD_RUNPATH_SEARCH_PATHS = "$(inherited) @executable_path/Frameworks @loader_path/Frameworks";
				PRODUCT_BUNDLE_IDENTIFIER = com.qianft.OSNewFrameUITests;
				PRODUCT_NAME = "$(TARGET_NAME)";
				TARGETED_DEVICE_FAMILY = "1,2";
				TEST_TARGET_NAME = OSNewFrame;
			};
			name = Release;
		};
/* End XCBuildConfiguration section */

/* Begin XCConfigurationList section */
		8F439E6E1FCE992F001CA819 /* Build configuration list for PBXProject "OSNewFrame" */ = {
			isa = XCConfigurationList;
			buildConfigurations = (
				8F439E9D1FCE9930001CA819 /* Debug */,
				8F439E9E1FCE9930001CA819 /* Release */,
			);
			defaultConfigurationIsVisible = 0;
			defaultConfigurationName = Release;
		};
		8F439E9F1FCE9930001CA819 /* Build configuration list for PBXNativeTarget "OSNewFrame" */ = {
			isa = XCConfigurationList;
			buildConfigurations = (
				8F439EA01FCE9930001CA819 /* Debug */,
				8F439EA11FCE9930001CA819 /* Release */,
			);
			defaultConfigurationIsVisible = 0;
			defaultConfigurationName = Release;
		};
		8F439EA21FCE9930001CA819 /* Build configuration list for PBXNativeTarget "OSNewFrameTests" */ = {
			isa = XCConfigurationList;
			buildConfigurations = (
				8F439EA31FCE9930001CA819 /* Debug */,
				8F439EA41FCE9930001CA819 /* Release */,
			);
			defaultConfigurationIsVisible = 0;
			defaultConfigurationName = Release;
		};
		8F439EA51FCE9930001CA819 /* Build configuration list for PBXNativeTarget "OSNewFrameUITests" */ = {
			isa = XCConfigurationList;
			buildConfigurations = (
				8F439EA61FCE9930001CA819 /* Debug */,
				8F439EA71FCE9930001CA819 /* Release */,
			);
			defaultConfigurationIsVisible = 0;
			defaultConfigurationName = Release;
		};
/* End XCConfigurationList section */
	};
	rootObject = 8F439E6B1FCE992F001CA819 /* Project object */;
}
